// !$*UTF8*$!
{
	archiveVersion = 1;
	classes = {
	};
	objectVersion = 55;
	objects = {

/* Begin PBXBuildFile section */
		0B039BF127A8985500A080F3 /* AnimationBootcamp.swift in Sources */ = {isa = PBXBuildFile; fileRef = 0B039BF027A8985500A080F3 /* AnimationBootcamp.swift */; };
		0B039BF327A89D5F00A080F3 /* AnimationTimingBootcamp.swift in Sources */ = {isa = PBXBuildFile; fileRef = 0B039BF227A89D5F00A080F3 /* AnimationTimingBootcamp.swift */; };
		0B039BF527A8A1CA00A080F3 /* TransitionBootcamp.swift in Sources */ = {isa = PBXBuildFile; fileRef = 0B039BF427A8A1CA00A080F3 /* TransitionBootcamp.swift */; };
		0B3F623C2799FFD4006852FC /* StacksBootcamp.swift in Sources */ = {isa = PBXBuildFile; fileRef = 0B3F623B2799FFD4006852FC /* StacksBootcamp.swift */; };
		0B3F623E279A0641006852FC /* PaddingAndSpacerBootcamp.swift in Sources */ = {isa = PBXBuildFile; fileRef = 0B3F623D279A0641006852FC /* PaddingAndSpacerBootcamp.swift */; };
		0B52806F27A332ED00549EA7 /* StateBootcamp.swift in Sources */ = {isa = PBXBuildFile; fileRef = 0B52806E27A332ED00549EA7 /* StateBootcamp.swift */; };
		0B52807127A337FA00549EA7 /* ExtractedFunctionsBootcamp.swift in Sources */ = {isa = PBXBuildFile; fileRef = 0B52807027A337FA00549EA7 /* ExtractedFunctionsBootcamp.swift */; };
		0B52807327A33B0800549EA7 /* ExtractSubviewsBootcamp.swift in Sources */ = {isa = PBXBuildFile; fileRef = 0B52807227A33B0800549EA7 /* ExtractSubviewsBootcamp.swift */; };
		0B52807527A3427600549EA7 /* BindingBootcamp.swift in Sources */ = {isa = PBXBuildFile; fileRef = 0B52807427A3427600549EA7 /* BindingBootcamp.swift */; };
		0B52807727A3472900549EA7 /* ConditionalBootcamp.swift in Sources */ = {isa = PBXBuildFile; fileRef = 0B52807627A3472900549EA7 /* ConditionalBootcamp.swift */; };
		0B52807927A34C9500549EA7 /* TernaryBootcamp.swift in Sources */ = {isa = PBXBuildFile; fileRef = 0B52807827A34C9500549EA7 /* TernaryBootcamp.swift */; };
		0B56A5432798C5CE0028DCC9 /* IconsBootcamp.swift in Sources */ = {isa = PBXBuildFile; fileRef = 0B56A5422798C5CE0028DCC9 /* IconsBootcamp.swift */; };
		0B56A5452798C9FB0028DCC9 /* ImageBootcamp.swift in Sources */ = {isa = PBXBuildFile; fileRef = 0B56A5442798C9FB0028DCC9 /* ImageBootcamp.swift */; };
		0B56A5472798CE4D0028DCC9 /* FrameBootcamp.swift in Sources */ = {isa = PBXBuildFile; fileRef = 0B56A5462798CE4D0028DCC9 /* FrameBootcamp.swift */; };
		0B7BB04A2798BF030099417E /* GradientsBootcamp.swift in Sources */ = {isa = PBXBuildFile; fileRef = 0B7BB0492798BF030099417E /* GradientsBootcamp.swift */; };
		0B868D2E27A1E15F0013A218 /* SpacerBootcamp.swift in Sources */ = {isa = PBXBuildFile; fileRef = 0B868D2D27A1E15F0013A218 /* SpacerBootcamp.swift */; };
		0B868D3027A1E6B30013A218 /* InitializerBootcamp.swift in Sources */ = {isa = PBXBuildFile; fileRef = 0B868D2F27A1E6B30013A218 /* InitializerBootcamp.swift */; };
		0B868D3227A1ECC90013A218 /* ForEachBootcamp.swift in Sources */ = {isa = PBXBuildFile; fileRef = 0B868D3127A1ECC90013A218 /* ForEachBootcamp.swift */; };
		0B868D3427A1F0C00013A218 /* ScrollViewBootcamp.swift in Sources */ = {isa = PBXBuildFile; fileRef = 0B868D3327A1F0C00013A218 /* ScrollViewBootcamp.swift */; };
		0B868D3627A1F7910013A218 /* GridBootcamp.swift in Sources */ = {isa = PBXBuildFile; fileRef = 0B868D3527A1F7910013A218 /* GridBootcamp.swift */; };
		0B868D3827A203B20013A218 /* SafeAreaBootcamp.swift in Sources */ = {isa = PBXBuildFile; fileRef = 0B868D3727A203B20013A218 /* SafeAreaBootcamp.swift */; };
		0B868D3A27A208960013A218 /* ButtonsBootcamp.swift in Sources */ = {isa = PBXBuildFile; fileRef = 0B868D3927A208960013A218 /* ButtonsBootcamp.swift */; };
		0BB05ACB2798AB1900D7BE34 /* SwiftfulThinking_BootcampApp.swift in Sources */ = {isa = PBXBuildFile; fileRef = 0BB05ACA2798AB1900D7BE34 /* SwiftfulThinking_BootcampApp.swift */; };
		0BB05ACD2798AB1900D7BE34 /* ContentView.swift in Sources */ = {isa = PBXBuildFile; fileRef = 0BB05ACC2798AB1900D7BE34 /* ContentView.swift */; };
		0BB05ACF2798AB1B00D7BE34 /* Assets.xcassets in Resources */ = {isa = PBXBuildFile; fileRef = 0BB05ACE2798AB1B00D7BE34 /* Assets.xcassets */; };
		0BB05AD22798AB1B00D7BE34 /* Preview Assets.xcassets in Resources */ = {isa = PBXBuildFile; fileRef = 0BB05AD12798AB1B00D7BE34 /* Preview Assets.xcassets */; };
		0BB05AD92798ABBB00D7BE34 /* TextBootcamp.swift in Sources */ = {isa = PBXBuildFile; fileRef = 0BB05AD82798ABBB00D7BE34 /* TextBootcamp.swift */; };
		0BB05ADB2798B0FF00D7BE34 /* ShapesBootcamp.swift in Sources */ = {isa = PBXBuildFile; fileRef = 0BB05ADA2798B0FF00D7BE34 /* ShapesBootcamp.swift */; };
		0BBE27B62798B54100A2E629 /* ColorsBootcamp.swift in Sources */ = {isa = PBXBuildFile; fileRef = 0BBE27B52798B54100A2E629 /* ColorsBootcamp.swift */; };
		0BEC6A3827A9C8BC00A908CF /* SheetsBootcamp.swift in Sources */ = {isa = PBXBuildFile; fileRef = 0BEC6A3727A9C8BC00A908CF /* SheetsBootcamp.swift */; };
		0BF867532798D32400D6192B /* BackgroundAndOverlayBootcamp.swift in Sources */ = {isa = PBXBuildFile; fileRef = 0BF867522798D32400D6192B /* BackgroundAndOverlayBootcamp.swift */; };
/* End PBXBuildFile section */

/* Begin PBXFileReference section */
		0B039BF027A8985500A080F3 /* AnimationBootcamp.swift */ = {isa = PBXFileReference; lastKnownFileType = sourcecode.swift; path = AnimationBootcamp.swift; sourceTree = "<group>"; };
		0B039BF227A89D5F00A080F3 /* AnimationTimingBootcamp.swift */ = {isa = PBXFileReference; lastKnownFileType = sourcecode.swift; path = AnimationTimingBootcamp.swift; sourceTree = "<group>"; };
		0B039BF427A8A1CA00A080F3 /* TransitionBootcamp.swift */ = {isa = PBXFileReference; lastKnownFileType = sourcecode.swift; path = TransitionBootcamp.swift; sourceTree = "<group>"; };
		0B3F623B2799FFD4006852FC /* StacksBootcamp.swift */ = {isa = PBXFileReference; lastKnownFileType = sourcecode.swift; path = StacksBootcamp.swift; sourceTree = "<group>"; };
		0B3F623D279A0641006852FC /* PaddingAndSpacerBootcamp.swift */ = {isa = PBXFileReference; lastKnownFileType = sourcecode.swift; path = PaddingAndSpacerBootcamp.swift; sourceTree = "<group>"; };
		0B52806E27A332ED00549EA7 /* StateBootcamp.swift */ = {isa = PBXFileReference; lastKnownFileType = sourcecode.swift; path = StateBootcamp.swift; sourceTree = "<group>"; };
		0B52807027A337FA00549EA7 /* ExtractedFunctionsBootcamp.swift */ = {isa = PBXFileReference; lastKnownFileType = sourcecode.swift; path = ExtractedFunctionsBootcamp.swift; sourceTree = "<group>"; };
		0B52807227A33B0800549EA7 /* ExtractSubviewsBootcamp.swift */ = {isa = PBXFileReference; lastKnownFileType = sourcecode.swift; path = ExtractSubviewsBootcamp.swift; sourceTree = "<group>"; };
		0B52807427A3427600549EA7 /* BindingBootcamp.swift */ = {isa = PBXFileReference; lastKnownFileType = sourcecode.swift; path = BindingBootcamp.swift; sourceTree = "<group>"; };
		0B52807627A3472900549EA7 /* ConditionalBootcamp.swift */ = {isa = PBXFileReference; lastKnownFileType = sourcecode.swift; path = ConditionalBootcamp.swift; sourceTree = "<group>"; };
		0B52807827A34C9500549EA7 /* TernaryBootcamp.swift */ = {isa = PBXFileReference; lastKnownFileType = sourcecode.swift; path = TernaryBootcamp.swift; sourceTree = "<group>"; };
		0B56A5422798C5CE0028DCC9 /* IconsBootcamp.swift */ = {isa = PBXFileReference; lastKnownFileType = sourcecode.swift; path = IconsBootcamp.swift; sourceTree = "<group>"; };
		0B56A5442798C9FB0028DCC9 /* ImageBootcamp.swift */ = {isa = PBXFileReference; lastKnownFileType = sourcecode.swift; path = ImageBootcamp.swift; sourceTree = "<group>"; };
		0B56A5462798CE4D0028DCC9 /* FrameBootcamp.swift */ = {isa = PBXFileReference; lastKnownFileType = sourcecode.swift; path = FrameBootcamp.swift; sourceTree = "<group>"; };
		0B7BB0492798BF030099417E /* GradientsBootcamp.swift */ = {isa = PBXFileReference; lastKnownFileType = sourcecode.swift; path = GradientsBootcamp.swift; sourceTree = "<group>"; };
		0B868D2D27A1E15F0013A218 /* SpacerBootcamp.swift */ = {isa = PBXFileReference; lastKnownFileType = sourcecode.swift; path = SpacerBootcamp.swift; sourceTree = "<group>"; };
		0B868D2F27A1E6B30013A218 /* InitializerBootcamp.swift */ = {isa = PBXFileReference; lastKnownFileType = sourcecode.swift; path = InitializerBootcamp.swift; sourceTree = "<group>"; };
		0B868D3127A1ECC90013A218 /* ForEachBootcamp.swift */ = {isa = PBXFileReference; lastKnownFileType = sourcecode.swift; path = ForEachBootcamp.swift; sourceTree = "<group>"; };
		0B868D3327A1F0C00013A218 /* ScrollViewBootcamp.swift */ = {isa = PBXFileReference; lastKnownFileType = sourcecode.swift; path = ScrollViewBootcamp.swift; sourceTree = "<group>"; };
		0B868D3527A1F7910013A218 /* GridBootcamp.swift */ = {isa = PBXFileReference; lastKnownFileType = sourcecode.swift; path = GridBootcamp.swift; sourceTree = "<group>"; };
		0B868D3727A203B20013A218 /* SafeAreaBootcamp.swift */ = {isa = PBXFileReference; lastKnownFileType = sourcecode.swift; path = SafeAreaBootcamp.swift; sourceTree = "<group>"; };
		0B868D3927A208960013A218 /* ButtonsBootcamp.swift */ = {isa = PBXFileReference; lastKnownFileType = sourcecode.swift; path = ButtonsBootcamp.swift; sourceTree = "<group>"; };
		0BB05AC72798AB1900D7BE34 /* SwiftfulThinking-Bootcamp.app */ = {isa = PBXFileReference; explicitFileType = wrapper.application; includeInIndex = 0; path = "SwiftfulThinking-Bootcamp.app"; sourceTree = BUILT_PRODUCTS_DIR; };
		0BB05ACA2798AB1900D7BE34 /* SwiftfulThinking_BootcampApp.swift */ = {isa = PBXFileReference; lastKnownFileType = sourcecode.swift; path = SwiftfulThinking_BootcampApp.swift; sourceTree = "<group>"; };
		0BB05ACC2798AB1900D7BE34 /* ContentView.swift */ = {isa = PBXFileReference; lastKnownFileType = sourcecode.swift; path = ContentView.swift; sourceTree = "<group>"; };
		0BB05ACE2798AB1B00D7BE34 /* Assets.xcassets */ = {isa = PBXFileReference; lastKnownFileType = folder.assetcatalog; path = Assets.xcassets; sourceTree = "<group>"; };
		0BB05AD12798AB1B00D7BE34 /* Preview Assets.xcassets */ = {isa = PBXFileReference; lastKnownFileType = folder.assetcatalog; path = "Preview Assets.xcassets"; sourceTree = "<group>"; };
		0BB05AD82798ABBB00D7BE34 /* TextBootcamp.swift */ = {isa = PBXFileReference; lastKnownFileType = sourcecode.swift; path = TextBootcamp.swift; sourceTree = "<group>"; };
		0BB05ADA2798B0FF00D7BE34 /* ShapesBootcamp.swift */ = {isa = PBXFileReference; lastKnownFileType = sourcecode.swift; path = ShapesBootcamp.swift; sourceTree = "<group>"; };
		0BBE27B52798B54100A2E629 /* ColorsBootcamp.swift */ = {isa = PBXFileReference; lastKnownFileType = sourcecode.swift; path = ColorsBootcamp.swift; sourceTree = "<group>"; };
		0BEC6A3727A9C8BC00A908CF /* SheetsBootcamp.swift */ = {isa = PBXFileReference; lastKnownFileType = sourcecode.swift; path = SheetsBootcamp.swift; sourceTree = "<group>"; };
		0BF867522798D32400D6192B /* BackgroundAndOverlayBootcamp.swift */ = {isa = PBXFileReference; lastKnownFileType = sourcecode.swift; path = BackgroundAndOverlayBootcamp.swift; sourceTree = "<group>"; };
/* End PBXFileReference section */

/* Begin PBXFrameworksBuildPhase section */
		0BB05AC42798AB1900D7BE34 /* Frameworks */ = {
			isa = PBXFrameworksBuildPhase;
			buildActionMask = 2147483647;
			files = (
			);
			runOnlyForDeploymentPostprocessing = 0;
		};
/* End PBXFrameworksBuildPhase section */

/* Begin PBXGroup section */
		0BB05ABE2798AB1900D7BE34 = {
			isa = PBXGroup;
			children = (
				0BB05AC92798AB1900D7BE34 /* SwiftfulThinking-Bootcamp */,
				0BB05AC82798AB1900D7BE34 /* Products */,
			);
			sourceTree = "<group>";
		};
		0BB05AC82798AB1900D7BE34 /* Products */ = {
			isa = PBXGroup;
			children = (
				0BB05AC72798AB1900D7BE34 /* SwiftfulThinking-Bootcamp.app */,
			);
			name = Products;
			sourceTree = "<group>";
		};
		0BB05AC92798AB1900D7BE34 /* SwiftfulThinking-Bootcamp */ = {
			isa = PBXGroup;
			children = (
				0BB05ACA2798AB1900D7BE34 /* SwiftfulThinking_BootcampApp.swift */,
				0BB05ACC2798AB1900D7BE34 /* ContentView.swift */,
				0BB05AD82798ABBB00D7BE34 /* TextBootcamp.swift */,
				0BB05ADA2798B0FF00D7BE34 /* ShapesBootcamp.swift */,
				0BBE27B52798B54100A2E629 /* ColorsBootcamp.swift */,
				0B7BB0492798BF030099417E /* GradientsBootcamp.swift */,
				0B56A5422798C5CE0028DCC9 /* IconsBootcamp.swift */,
				0B56A5442798C9FB0028DCC9 /* ImageBootcamp.swift */,
				0B56A5462798CE4D0028DCC9 /* FrameBootcamp.swift */,
				0BF867522798D32400D6192B /* BackgroundAndOverlayBootcamp.swift */,
				0B3F623B2799FFD4006852FC /* StacksBootcamp.swift */,
				0B3F623D279A0641006852FC /* PaddingAndSpacerBootcamp.swift */,
				0B868D2D27A1E15F0013A218 /* SpacerBootcamp.swift */,
				0B868D2F27A1E6B30013A218 /* InitializerBootcamp.swift */,
				0B868D3127A1ECC90013A218 /* ForEachBootcamp.swift */,
				0B868D3327A1F0C00013A218 /* ScrollViewBootcamp.swift */,
				0B868D3527A1F7910013A218 /* GridBootcamp.swift */,
				0B868D3727A203B20013A218 /* SafeAreaBootcamp.swift */,
				0B868D3927A208960013A218 /* ButtonsBootcamp.swift */,
				0B52806E27A332ED00549EA7 /* StateBootcamp.swift */,
				0B52807027A337FA00549EA7 /* ExtractedFunctionsBootcamp.swift */,
				0B52807227A33B0800549EA7 /* ExtractSubviewsBootcamp.swift */,
				0B52807427A3427600549EA7 /* BindingBootcamp.swift */,
				0B52807627A3472900549EA7 /* ConditionalBootcamp.swift */,
				0B52807827A34C9500549EA7 /* TernaryBootcamp.swift */,
				0B039BF027A8985500A080F3 /* AnimationBootcamp.swift */,
				0B039BF227A89D5F00A080F3 /* AnimationTimingBootcamp.swift */,
				0B039BF427A8A1CA00A080F3 /* TransitionBootcamp.swift */,
				0BEC6A3727A9C8BC00A908CF /* SheetsBootcamp.swift */,
				0BB05ACE2798AB1B00D7BE34 /* Assets.xcassets */,
				0BB05AD02798AB1B00D7BE34 /* Preview Content */,
			);
			path = "SwiftfulThinking-Bootcamp";
			sourceTree = "<group>";
		};
		0BB05AD02798AB1B00D7BE34 /* Preview Content */ = {
			isa = PBXGroup;
			children = (
				0BB05AD12798AB1B00D7BE34 /* Preview Assets.xcassets */,
			);
			path = "Preview Content";
			sourceTree = "<group>";
		};
/* End PBXGroup section */

/* Begin PBXNativeTarget section */
		0BB05AC62798AB1900D7BE34 /* SwiftfulThinking-Bootcamp */ = {
			isa = PBXNativeTarget;
			buildConfigurationList = 0BB05AD52798AB1B00D7BE34 /* Build configuration list for PBXNativeTarget "SwiftfulThinking-Bootcamp" */;
			buildPhases = (
				0BB05AC32798AB1900D7BE34 /* Sources */,
				0BB05AC42798AB1900D7BE34 /* Frameworks */,
				0BB05AC52798AB1900D7BE34 /* Resources */,
			);
			buildRules = (
			);
			dependencies = (
			);
			name = "SwiftfulThinking-Bootcamp";
			productName = "SwiftfulThinking-Bootcamp";
			productReference = 0BB05AC72798AB1900D7BE34 /* SwiftfulThinking-Bootcamp.app */;
			productType = "com.apple.product-type.application";
		};
/* End PBXNativeTarget section */

/* Begin PBXProject section */
		0BB05ABF2798AB1900D7BE34 /* Project object */ = {
			isa = PBXProject;
			attributes = {
				BuildIndependentTargetsInParallel = 1;
				LastSwiftUpdateCheck = 1320;
				LastUpgradeCheck = 1320;
				TargetAttributes = {
					0BB05AC62798AB1900D7BE34 = {
						CreatedOnToolsVersion = 13.2.1;
					};
				};
			};
			buildConfigurationList = 0BB05AC22798AB1900D7BE34 /* Build configuration list for PBXProject "SwiftfulThinking-Bootcamp" */;
			compatibilityVersion = "Xcode 13.0";
			developmentRegion = en;
			hasScannedForEncodings = 0;
			knownRegions = (
				en,
				Base,
			);
			mainGroup = 0BB05ABE2798AB1900D7BE34;
			productRefGroup = 0BB05AC82798AB1900D7BE34 /* Products */;
			projectDirPath = "";
			projectRoot = "";
			targets = (
				0BB05AC62798AB1900D7BE34 /* SwiftfulThinking-Bootcamp */,
			);
		};
/* End PBXProject section */

/* Begin PBXResourcesBuildPhase section */
		0BB05AC52798AB1900D7BE34 /* Resources */ = {
			isa = PBXResourcesBuildPhase;
			buildActionMask = 2147483647;
			files = (
				0BB05AD22798AB1B00D7BE34 /* Preview Assets.xcassets in Resources */,
				0BB05ACF2798AB1B00D7BE34 /* Assets.xcassets in Resources */,
			);
			runOnlyForDeploymentPostprocessing = 0;
		};
/* End PBXResourcesBuildPhase section */

/* Begin PBXSourcesBuildPhase section */
		0BB05AC32798AB1900D7BE34 /* Sources */ = {
			isa = PBXSourcesBuildPhase;
			buildActionMask = 2147483647;
			files = (
				0BEC6A3827A9C8BC00A908CF /* SheetsBootcamp.swift in Sources */,
				0B52806F27A332ED00549EA7 /* StateBootcamp.swift in Sources */,
				0B7BB04A2798BF030099417E /* GradientsBootcamp.swift in Sources */,
				0BF867532798D32400D6192B /* BackgroundAndOverlayBootcamp.swift in Sources */,
				0B868D3427A1F0C00013A218 /* ScrollViewBootcamp.swift in Sources */,
				0B3F623E279A0641006852FC /* PaddingAndSpacerBootcamp.swift in Sources */,
				0BBE27B62798B54100A2E629 /* ColorsBootcamp.swift in Sources */,
				0B52807327A33B0800549EA7 /* ExtractSubviewsBootcamp.swift in Sources */,
				0B56A5472798CE4D0028DCC9 /* FrameBootcamp.swift in Sources */,
				0B52807127A337FA00549EA7 /* ExtractedFunctionsBootcamp.swift in Sources */,
				0B868D3027A1E6B30013A218 /* InitializerBootcamp.swift in Sources */,
				0B52807927A34C9500549EA7 /* TernaryBootcamp.swift in Sources */,
				0BB05ADB2798B0FF00D7BE34 /* ShapesBootcamp.swift in Sources */,
				0B868D3A27A208960013A218 /* ButtonsBootcamp.swift in Sources */,
				0B039BF327A89D5F00A080F3 /* AnimationTimingBootcamp.swift in Sources */,
				0B868D3827A203B20013A218 /* SafeAreaBootcamp.swift in Sources */,
				0BB05ACD2798AB1900D7BE34 /* ContentView.swift in Sources */,
				0B868D3227A1ECC90013A218 /* ForEachBootcamp.swift in Sources */,
				0BB05AD92798ABBB00D7BE34 /* TextBootcamp.swift in Sources */,
				0BB05ACB2798AB1900D7BE34 /* SwiftfulThinking_BootcampApp.swift in Sources */,
				0B039BF527A8A1CA00A080F3 /* TransitionBootcamp.swift in Sources */,
				0B3F623C2799FFD4006852FC /* StacksBootcamp.swift in Sources */,
				0B52807527A3427600549EA7 /* BindingBootcamp.swift in Sources */,
				0B868D2E27A1E15F0013A218 /* SpacerBootcamp.swift in Sources */,
				0B039BF127A8985500A080F3 /* AnimationBootcamp.swift in Sources */,
				0B868D3627A1F7910013A218 /* GridBootcamp.swift in Sources */,
				0B52807727A3472900549EA7 /* ConditionalBootcamp.swift in Sources */,
				0B56A5452798C9FB0028DCC9 /* ImageBootcamp.swift in Sources */,
				0B56A5432798C5CE0028DCC9 /* IconsBootcamp.swift in Sources */,
			);
			runOnlyForDeploymentPostprocessing = 0;
		};
/* End PBXSourcesBuildPhase section */

/* Begin XCBuildConfiguration section */
		0BB05AD32798AB1B00D7BE34 /* Debug */ = {
			isa = XCBuildConfiguration;
			buildSettings = {
				ALWAYS_SEARCH_USER_PATHS = NO;
				CLANG_ANALYZER_NONNULL = YES;
				CLANG_ANALYZER_NUMBER_OBJECT_CONVERSION = YES_AGGRESSIVE;
				CLANG_CXX_LANGUAGE_STANDARD = "gnu++17";
				CLANG_CXX_LIBRARY = "libc++";
				CLANG_ENABLE_MODULES = YES;
				CLANG_ENABLE_OBJC_ARC = YES;
				CLANG_ENABLE_OBJC_WEAK = YES;
				CLANG_WARN_BLOCK_CAPTURE_AUTORELEASING = YES;
				CLANG_WARN_BOOL_CONVERSION = YES;
				CLANG_WARN_COMMA = YES;
				CLANG_WARN_CONSTANT_CONVERSION = YES;
				CLANG_WARN_DEPRECATED_OBJC_IMPLEMENTATIONS = YES;
				CLANG_WARN_DIRECT_OBJC_ISA_USAGE = YES_ERROR;
				CLANG_WARN_DOCUMENTATION_COMMENTS = YES;
				CLANG_WARN_EMPTY_BODY = YES;
				CLANG_WARN_ENUM_CONVERSION = YES;
				CLANG_WARN_INFINITE_RECURSION = YES;
				CLANG_WARN_INT_CONVERSION = YES;
				CLANG_WARN_NON_LITERAL_NULL_CONVERSION = YES;
				CLANG_WARN_OBJC_IMPLICIT_RETAIN_SELF = YES;
				CLANG_WARN_OBJC_LITERAL_CONVERSION = YES;
				CLANG_WARN_OBJC_ROOT_CLASS = YES_ERROR;
				CLANG_WARN_QUOTED_INCLUDE_IN_FRAMEWORK_HEADER = YES;
				CLANG_WARN_RANGE_LOOP_ANALYSIS = YES;
				CLANG_WARN_STRICT_PROTOTYPES = YES;
				CLANG_WARN_SUSPICIOUS_MOVE = YES;
				CLANG_WARN_UNGUARDED_AVAILABILITY = YES_AGGRESSIVE;
				CLANG_WARN_UNREACHABLE_CODE = YES;
				CLANG_WARN__DUPLICATE_METHOD_MATCH = YES;
				COPY_PHASE_STRIP = NO;
				DEBUG_INFORMATION_FORMAT = dwarf;
				ENABLE_STRICT_OBJC_MSGSEND = YES;
				ENABLE_TESTABILITY = YES;
				GCC_C_LANGUAGE_STANDARD = gnu11;
				GCC_DYNAMIC_NO_PIC = NO;
				GCC_NO_COMMON_BLOCKS = YES;
				GCC_OPTIMIZATION_LEVEL = 0;
				GCC_PREPROCESSOR_DEFINITIONS = (
					"DEBUG=1",
					"$(inherited)",
				);
				GCC_WARN_64_TO_32_BIT_CONVERSION = YES;
				GCC_WARN_ABOUT_RETURN_TYPE = YES_ERROR;
				GCC_WARN_UNDECLARED_SELECTOR = YES;
				GCC_WARN_UNINITIALIZED_AUTOS = YES_AGGRESSIVE;
				GCC_WARN_UNUSED_FUNCTION = YES;
				GCC_WARN_UNUSED_VARIABLE = YES;
				IPHONEOS_DEPLOYMENT_TARGET = 15.2;
				MTL_ENABLE_DEBUG_INFO = INCLUDE_SOURCE;
				MTL_FAST_MATH = YES;
				ONLY_ACTIVE_ARCH = YES;
				SDKROOT = iphoneos;
				SWIFT_ACTIVE_COMPILATION_CONDITIONS = DEBUG;
				SWIFT_OPTIMIZATION_LEVEL = "-Onone";
			};
			name = Debug;
		};
		0BB05AD42798AB1B00D7BE34 /* Release */ = {
			isa = XCBuildConfiguration;
			buildSettings = {
				ALWAYS_SEARCH_USER_PATHS = NO;
				CLANG_ANALYZER_NONNULL = YES;
				CLANG_ANALYZER_NUMBER_OBJECT_CONVERSION = YES_AGGRESSIVE;
				CLANG_CXX_LANGUAGE_STANDARD = "gnu++17";
				CLANG_CXX_LIBRARY = "libc++";
				CLANG_ENABLE_MODULES = YES;
				CLANG_ENABLE_OBJC_ARC = YES;
				CLANG_ENABLE_OBJC_WEAK = YES;
				CLANG_WARN_BLOCK_CAPTURE_AUTORELEASING = YES;
				CLANG_WARN_BOOL_CONVERSION = YES;
				CLANG_WARN_COMMA = YES;
				CLANG_WARN_CONSTANT_CONVERSION = YES;
				CLANG_WARN_DEPRECATED_OBJC_IMPLEMENTATIONS = YES;
				CLANG_WARN_DIRECT_OBJC_ISA_USAGE = YES_ERROR;
				CLANG_WARN_DOCUMENTATION_COMMENTS = YES;
				CLANG_WARN_EMPTY_BODY = YES;
				CLANG_WARN_ENUM_CONVERSION = YES;
				CLANG_WARN_INFINITE_RECURSION = YES;
				CLANG_WARN_INT_CONVERSION = YES;
				CLANG_WARN_NON_LITERAL_NULL_CONVERSION = YES;
				CLANG_WARN_OBJC_IMPLICIT_RETAIN_SELF = YES;
				CLANG_WARN_OBJC_LITERAL_CONVERSION = YES;
				CLANG_WARN_OBJC_ROOT_CLASS = YES_ERROR;
				CLANG_WARN_QUOTED_INCLUDE_IN_FRAMEWORK_HEADER = YES;
				CLANG_WARN_RANGE_LOOP_ANALYSIS = YES;
				CLANG_WARN_STRICT_PROTOTYPES = YES;
				CLANG_WARN_SUSPICIOUS_MOVE = YES;
				CLANG_WARN_UNGUARDED_AVAILABILITY = YES_AGGRESSIVE;
				CLANG_WARN_UNREACHABLE_CODE = YES;
				CLANG_WARN__DUPLICATE_METHOD_MATCH = YES;
				COPY_PHASE_STRIP = NO;
				DEBUG_INFORMATION_FORMAT = "dwarf-with-dsym";
				ENABLE_NS_ASSERTIONS = NO;
				ENABLE_STRICT_OBJC_MSGSEND = YES;
				GCC_C_LANGUAGE_STANDARD = gnu11;
				GCC_NO_COMMON_BLOCKS = YES;
				GCC_WARN_64_TO_32_BIT_CONVERSION = YES;
				GCC_WARN_ABOUT_RETURN_TYPE = YES_ERROR;
				GCC_WARN_UNDECLARED_SELECTOR = YES;
				GCC_WARN_UNINITIALIZED_AUTOS = YES_AGGRESSIVE;
				GCC_WARN_UNUSED_FUNCTION = YES;
				GCC_WARN_UNUSED_VARIABLE = YES;
				IPHONEOS_DEPLOYMENT_TARGET = 15.2;
				MTL_ENABLE_DEBUG_INFO = NO;
				MTL_FAST_MATH = YES;
				SDKROOT = iphoneos;
				SWIFT_COMPILATION_MODE = wholemodule;
				SWIFT_OPTIMIZATION_LEVEL = "-O";
				VALIDATE_PRODUCT = YES;
			};
			name = Release;
		};
		0BB05AD62798AB1B00D7BE34 /* Debug */ = {
			isa = XCBuildConfiguration;
			buildSettings = {
				ASSETCATALOG_COMPILER_APPICON_NAME = AppIcon;
				ASSETCATALOG_COMPILER_GLOBAL_ACCENT_COLOR_NAME = AccentColor;
				CODE_SIGN_STYLE = Automatic;
				CURRENT_PROJECT_VERSION = 1;
				DEVELOPMENT_ASSET_PATHS = "\"SwiftfulThinking-Bootcamp/Preview Content\"";
				DEVELOPMENT_TEAM = M96XHZRD2T;
				ENABLE_PREVIEWS = YES;
				GENERATE_INFOPLIST_FILE = YES;
				INFOPLIST_KEY_UIApplicationSceneManifest_Generation = YES;
				INFOPLIST_KEY_UIApplicationSupportsIndirectInputEvents = YES;
				INFOPLIST_KEY_UILaunchScreen_Generation = YES;
				INFOPLIST_KEY_UISupportedInterfaceOrientations_iPad = "UIInterfaceOrientationPortrait UIInterfaceOrientationPortraitUpsideDown UIInterfaceOrientationLandscapeLeft UIInterfaceOrientationLandscapeRight";
				INFOPLIST_KEY_UISupportedInterfaceOrientations_iPhone = "UIInterfaceOrientationPortrait UIInterfaceOrientationLandscapeLeft UIInterfaceOrientationLandscapeRight";
				LD_RUNPATH_SEARCH_PATHS = (
					"$(inherited)",
					"@executable_path/Frameworks",
				);
				MARKETING_VERSION = 1.0;
				PRODUCT_BUNDLE_IDENTIFIER = "com.shurd9665.SwiftfulThinking-Bootcamp";
				PRODUCT_NAME = "$(TARGET_NAME)";
				SWIFT_EMIT_LOC_STRINGS = YES;
				SWIFT_VERSION = 5.0;
				TARGETED_DEVICE_FAMILY = "1,2";
			};
			name = Debug;
		};
		0BB05AD72798AB1B00D7BE34 /* Release */ = {
			isa = XCBuildConfiguration;
			buildSettings = {
				ASSETCATALOG_COMPILER_APPICON_NAME = AppIcon;
				ASSETCATALOG_COMPILER_GLOBAL_ACCENT_COLOR_NAME = AccentColor;
				CODE_SIGN_STYLE = Automatic;
				CURRENT_PROJECT_VERSION = 1;
				DEVELOPMENT_ASSET_PATHS = "\"SwiftfulThinking-Bootcamp/Preview Content\"";
				DEVELOPMENT_TEAM = M96XHZRD2T;
				ENABLE_PREVIEWS = YES;
				GENERATE_INFOPLIST_FILE = YES;
				INFOPLIST_KEY_UIApplicationSceneManifest_Generation = YES;
				INFOPLIST_KEY_UIApplicationSupportsIndirectInputEvents = YES;
				INFOPLIST_KEY_UILaunchScreen_Generation = YES;
				INFOPLIST_KEY_UISupportedInterfaceOrientations_iPad = "UIInterfaceOrientationPortrait UIInterfaceOrientationPortraitUpsideDown UIInterfaceOrientationLandscapeLeft UIInterfaceOrientationLandscapeRight";
				INFOPLIST_KEY_UISupportedInterfaceOrientations_iPhone = "UIInterfaceOrientationPortrait UIInterfaceOrientationLandscapeLeft UIInterfaceOrientationLandscapeRight";
				LD_RUNPATH_SEARCH_PATHS = (
					"$(inherited)",
					"@executable_path/Frameworks",
				);
				MARKETING_VERSION = 1.0;
				PRODUCT_BUNDLE_IDENTIFIER = "com.shurd9665.SwiftfulThinking-Bootcamp";
				PRODUCT_NAME = "$(TARGET_NAME)";
				SWIFT_EMIT_LOC_STRINGS = YES;
				SWIFT_VERSION = 5.0;
				TARGETED_DEVICE_FAMILY = "1,2";
			};
			name = Release;
		};
/* End XCBuildConfiguration section */

/* Begin XCConfigurationList section */
		0BB05AC22798AB1900D7BE34 /* Build configuration list for PBXProject "SwiftfulThinking-Bootcamp" */ = {
			isa = XCConfigurationList;
			buildConfigurations = (
				0BB05AD32798AB1B00D7BE34 /* Debug */,
				0BB05AD42798AB1B00D7BE34 /* Release */,
			);
			defaultConfigurationIsVisible = 0;
			defaultConfigurationName = Release;
		};
		0BB05AD52798AB1B00D7BE34 /* Build configuration list for PBXNativeTarget "SwiftfulThinking-Bootcamp" */ = {
			isa = XCConfigurationList;
			buildConfigurations = (
				0BB05AD62798AB1B00D7BE34 /* Debug */,
				0BB05AD72798AB1B00D7BE34 /* Release */,
			);
			defaultConfigurationIsVisible = 0;
			defaultConfigurationName = Release;
		};
/* End XCConfigurationList section */
	};
	rootObject = 0BB05ABF2798AB1900D7BE34 /* Project object */;
}
